# This file is autogenerated, do not edit; changes may be undone by the next 'dep ensure'.


[[projects]]
  branch = "master"
  digest = "1:c307799fe01c92c8049378347b93b658a0f3be2d10a5dab8cc0798f45ee6759a"
  name = "github.com/buger/goterm"
  packages = ["."]
  pruneopts = "UT"
  revision = "c206103e1f37c0c6c5c039706305ea2aa6e8ad3b"

[[projects]]
  digest = "1:34b5b18d2a7c8ae4947b31e8fecd18836cfd3d8de2b7605ae38fd6472a95c4c3"
  name = "github.com/fraugster/cli"
  packages = ["."]
  pruneopts = "UT"
  revision = "ecd919dde986c426c3b6254adb5b926ea642234a"
  version = "v1.1.0"

[[projects]]
  digest = "1:1521b1649e8ea39627989eed85f560b45faf3681d010ef4a1f4f065b8ea7b4f3"
  name = "github.com/fsnotify/fsnotify"
  packages = ["."]
  pruneopts = "UT"
  revision = "fd9ec7deca8bf46ecd2a795baaacf2b3a9be1197"

[[projects]]
  branch = "master"
  digest = "1:b97c460c0a4f832d06eeb76fe9e7a1fdc7cace5a92f36d2c5a63331cfcad0600"
  name = "github.com/papertrail/go-tail"
  packages = ["follower"]
  pruneopts = "UT"
  revision = "973c153b04319fc4604d847b09861a5730cbbde2"

[[projects]]
  digest = "1:bd487f2b00cb0eff67d1ef092bbdb06c474d34625cbb4c0cd401ed3d57c783ef"
  name = "github.com/satyrius/gonx"
  packages = ["."]
  pruneopts = "UT"
  revision = "f1c51f19b2b87faac9db82567fa41165c31edc7d"
  version = "v1.3.0"

[[projects]]
  branch = "master"
  digest = "1:5637b3b43405643229e55140bb3049dfa7d73957ba9ecfccc31cdadbfbe0b1f9"
  name = "golang.org/x/sys"
  packages = ["unix"]
  pruneopts = "UT"
  revision = "f49334f85ddcf0f08d7fb6dd7363e9e6d6b777eb"

[[projects]]
  digest = "1:4d2e5a73dc1500038e504a8d78b986630e3626dc027bc030ba5c75da257cdb96"
  name = "gopkg.in/yaml.v2"
  packages = ["."]
  pruneopts = "UT"
  revision = "51d6538a90f86fe93ac480b35f37b2be17fef232"
  version = "v2.2.2"

[solve-meta]
  analyzer-name = "dep"
  analyzer-version = 1
  input-imports = [
    "github.com/buger/goterm",
    "github.com/fraugster/cli",
    "github.com/papertrail/go-tail/follower",
    "github.com/satyrius/gonx",
  ]
  solver-name = "gps-cdcl"
  solver-version = 1
